
Microsoft Visual Studio Solution File, Format Version 12.00
# Visual Studio Version 17
VisualStudioVersion = 17.14.36623.8
MinimumVisualStudioVersion = 10.0.40219.1
Project("{FAE04EC0-301F-11D3-BF4B-00C04F79EFBC}") = "TrainTime", "TrainTime.csproj", "{43257368-DD99-45AC-A508-5A32643F91F9}"
EndProject
Project("{FAE04EC0-301F-11D3-BF4B-00C04F79EFBC}") = "TrainTime_Database", "..\TrainTime_Database\TrainTime_Database.csproj", "{990DADD3-1BE2-0DC0-85DF-9C3DB473C194}"
EndProject
Project("{FAE04EC0-301F-11D3-BF4B-00C04F79EFBC}") = "TrainTime_Shared", "..\TrainTime_Shared\TrainTime_Shared.csproj", "{B75D2AD9-57A8-482F-A6A1-32DB31FA8938}"
EndProject
Global
	GlobalSection(SolutionConfigurationPlatforms) = preSolution
		Debug|Any CPU = Debug|Any CPU
		Release|Any CPU = Release|Any CPU
	EndGlobalSection
	GlobalSection(ProjectConfigurationPlatforms) = postSolution
		{43257368-DD99-45AC-A508-5A32643F91F9}.Debug|Any CPU.ActiveCfg = Debug|Any CPU
		{43257368-DD99-45AC-A508-5A32643F91F9}.Debug|Any CPU.Build.0 = Debug|Any CPU
		{43257368-DD99-45AC-A508-5A32643F91F9}.Release|Any CPU.ActiveCfg = Release|Any CPU
		{43257368-DD99-45AC-A508-5A32643F91F9}.Release|Any CPU.Build.0 = Release|Any CPU
		{990DADD3-1BE2-0DC0-85DF-9C3DB473C194}.Debug|Any CPU.ActiveCfg = Debug|Any CPU
		{990DADD3-1BE2-0DC0-85DF-9C3DB473C194}.Debug|Any CPU.Build.0 = Debug|Any CPU
		{990DADD3-1BE2-0DC0-85DF-9C3DB473C194}.Release|Any CPU.ActiveCfg = Release|Any CPU
		{990DADD3-1BE2-0DC0-85DF-9C3DB473C194}.Release|Any CPU.Build.0 = Release|Any CPU
		{B75D2AD9-57A8-482F-A6A1-32DB31FA8938}.Debug|Any CPU.ActiveCfg = Debug|Any CPU
		{B75D2AD9-57A8-482F-A6A1-32DB31FA8938}.Debug|Any CPU.Build.0 = Debug|Any CPU
		{B75D2AD9-57A8-482F-A6A1-32DB31FA8938}.Release|Any CPU.ActiveCfg = Release|Any CPU
		{B75D2AD9-57A8-482F-A6A1-32DB31FA8938}.Release|Any CPU.Build.0 = Release|Any CPU
	EndGlobalSection
	GlobalSection(SolutionProperties) = preSolution
		HideSolutionNode = FALSE
	EndGlobalSection
	GlobalSection(ExtensibilityGlobals) = postSolution
		SolutionGuid = {04C799D2-DE46-451E-835D-410C4221C843}
	EndGlobalSection
EndGlobal
